// !$*UTF8*$!
{
	archiveVersion = 1;
	classes = {
	};
	objectVersion = 50;
	objects = {

/* Begin PBXBuildFile section */
		BFAFCEC92615773E00211D71 /* AppDelegate.swift in Sources */ = {isa = PBXBuildFile; fileRef = BFAFCEC82615773E00211D71 /* AppDelegate.swift */; };
		BFAFCECB2615773E00211D71 /* SceneDelegate.swift in Sources */ = {isa = PBXBuildFile; fileRef = BFAFCECA2615773E00211D71 /* SceneDelegate.swift */; };
		BFAFCECD2615773E00211D71 /* ContentView.swift in Sources */ = {isa = PBXBuildFile; fileRef = BFAFCECC2615773E00211D71 /* ContentView.swift */; };
		BFAFCECF2615773F00211D71 /* Assets.xcassets in Resources */ = {isa = PBXBuildFile; fileRef = BFAFCECE2615773F00211D71 /* Assets.xcassets */; };
		BFAFCED22615773F00211D71 /* Preview Assets.xcassets in Resources */ = {isa = PBXBuildFile; fileRef = BFAFCED12615773F00211D71 /* Preview Assets.xcassets */; };
		BFAFCED52615773F00211D71 /* LaunchScreen.storyboard in Resources */ = {isa = PBXBuildFile; fileRef = BFAFCED32615773F00211D71 /* LaunchScreen.storyboard */; };
		BFAFCEE1261579D400211D71 /* wisata.swift in Sources */ = {isa = PBXBuildFile; fileRef = BFAFCEE0261579D400211D71 /* wisata.swift */; };
		BFAFCEE526157CF600211D71 /* HotelData.swift in Sources */ = {isa = PBXBuildFile; fileRef = BFAFCEE426157CF600211D71 /* HotelData.swift */; };
		BFAFCEE926157E9900211D71 /* ListHotel.swift in Sources */ = {isa = PBXBuildFile; fileRef = BFAFCEE826157E9900211D71 /* ListHotel.swift */; };
		BFEA9B07261ABCBF00127047 /* DetailHotel.swift in Sources */ = {isa = PBXBuildFile; fileRef = BFEA9B06261ABCBF00127047 /* DetailHotel.swift */; };
/* End PBXBuildFile section */

/* Begin PBXFileReference section */
		BFAFCEC52615773E00211D71 /* LishNews.app */ = {isa = PBXFileReference; explicitFileType = wrapper.application; includeInIndex = 0; path = LishNews.app; sourceTree = BUILT_PRODUCTS_DIR; };
		BFAFCEC82615773E00211D71 /* AppDelegate.swift */ = {isa = PBXFileReference; lastKnownFileType = sourcecode.swift; path = AppDelegate.swift; sourceTree = "<group>"; };
		BFAFCECA2615773E00211D71 /* SceneDelegate.swift */ = {isa = PBXFileReference; lastKnownFileType = sourcecode.swift; path = SceneDelegate.swift; sourceTree = "<group>"; };
		BFAFCECC2615773E00211D71 /* ContentView.swift */ = {isa = PBXFileReference; lastKnownFileType = sourcecode.swift; path = ContentView.swift; sourceTree = "<group>"; };
		BFAFCECE2615773F00211D71 /* Assets.xcassets */ = {isa = PBXFileReference; lastKnownFileType = folder.assetcatalog; path = Assets.xcassets; sourceTree = "<group>"; };
		BFAFCED12615773F00211D71 /* Preview Assets.xcassets */ = {isa = PBXFileReference; lastKnownFileType = folder.assetcatalog; path = "Preview Assets.xcassets"; sourceTree = "<group>"; };
		BFAFCED42615773F00211D71 /* Base */ = {isa = PBXFileReference; lastKnownFileType = file.storyboard; name = Base; path = Base.lproj/LaunchScreen.storyboard; sourceTree = "<group>"; };
		BFAFCED62615773F00211D71 /* Info.plist */ = {isa = PBXFileReference; lastKnownFileType = text.plist.xml; path = Info.plist; sourceTree = "<group>"; };
		BFAFCEE0261579D400211D71 /* wisata.swift */ = {isa = PBXFileReference; lastKnownFileType = sourcecode.swift; path = wisata.swift; sourceTree = "<group>"; };
		BFAFCEE426157CF600211D71 /* HotelData.swift */ = {isa = PBXFileReference; lastKnownFileType = sourcecode.swift; path = HotelData.swift; sourceTree = "<group>"; };
		BFAFCEE826157E9900211D71 /* ListHotel.swift */ = {isa = PBXFileReference; lastKnownFileType = sourcecode.swift; path = ListHotel.swift; sourceTree = "<group>"; };
		BFEA9B06261ABCBF00127047 /* DetailHotel.swift */ = {isa = PBXFileReference; lastKnownFileType = sourcecode.swift; path = DetailHotel.swift; sourceTree = "<group>"; };
/* End PBXFileReference section */

/* Begin PBXFrameworksBuildPhase section */
		BFAFCEC22615773E00211D71 /* Frameworks */ = {
			isa = PBXFrameworksBuildPhase;
			buildActionMask = 2147483647;
			files = (
			);
			runOnlyForDeploymentPostprocessing = 0;
		};
/* End PBXFrameworksBuildPhase section */

/* Begin PBXGroup section */
		BFAFCEBC2615773E00211D71 = {
			isa = PBXGroup;
			children = (
				BFAFCEC72615773E00211D71 /* LishNews */,
				BFAFCEC62615773E00211D71 /* Products */,
			);
			sourceTree = "<group>";
		};
		BFAFCEC62615773E00211D71 /* Products */ = {
			isa = PBXGroup;
			children = (
				BFAFCEC52615773E00211D71 /* LishNews.app */,
			);
			name = Products;
			sourceTree = "<group>";
		};
		BFAFCEC72615773E00211D71 /* LishNews */ = {
			isa = PBXGroup;
			children = (
				BFAFCEDF2615789F00211D71 /* Model */,
				BFAFCEDE2615789700211D71 /* View */,
				BFAFCEDD2615788900211D71 /* Data */,
				BFAFCEC82615773E00211D71 /* AppDelegate.swift */,
				BFAFCECA2615773E00211D71 /* SceneDelegate.swift */,
				BFAFCECC2615773E00211D71 /* ContentView.swift */,
				BFAFCECE2615773F00211D71 /* Assets.xcassets */,
				BFAFCED32615773F00211D71 /* LaunchScreen.storyboard */,
				BFAFCED62615773F00211D71 /* Info.plist */,
				BFAFCED02615773F00211D71 /* Preview Content */,
			);
			path = LishNews;
			sourceTree = "<group>";
		};
		BFAFCED02615773F00211D71 /* Preview Content */ = {
			isa = PBXGroup;
			children = (
				BFAFCED12615773F00211D71 /* Preview Assets.xcassets */,
			);
			path = "Preview Content";
			sourceTree = "<group>";
		};
		BFAFCEDD2615788900211D71 /* Data */ = {
			isa = PBXGroup;
			children = (
				BFAFCEE426157CF600211D71 /* HotelData.swift */,
			);
			path = Data;
			sourceTree = "<group>";
		};
		BFAFCEDE2615789700211D71 /* View */ = {
			isa = PBXGroup;
			children = (
				BFAFCEE826157E9900211D71 /* ListHotel.swift */,
				BFEA9B06261ABCBF00127047 /* DetailHotel.swift */,
			);
			path = View;
			sourceTree = "<group>";
		};
		BFAFCEDF2615789F00211D71 /* Model */ = {
			isa = PBXGroup;
			children = (
				BFAFCEE0261579D400211D71 /* wisata.swift */,
			);
			path = Model;
			sourceTree = "<group>";
		};
/* End PBXGroup section */

/* Begin PBXNativeTarget section */
		BFAFCEC42615773E00211D71 /* LishNews */ = {
			isa = PBXNativeTarget;
			buildConfigurationList = BFAFCED92615773F00211D71 /* Build configuration list for PBXNativeTarget "LishNews" */;
			buildPhases = (
				BFAFCEC12615773E00211D71 /* Sources */,
				BFAFCEC22615773E00211D71 /* Frameworks */,
				BFAFCEC32615773E00211D71 /* Resources */,
			);
			buildRules = (
			);
			dependencies = (
			);
			name = LishNews;
			productName = LishNews;
			productReference = BFAFCEC52615773E00211D71 /* LishNews.app */;
			productType = "com.apple.product-type.application";
		};
/* End PBXNativeTarget section */

/* Begin PBXProject section */
		BFAFCEBD2615773E00211D71 /* Project object */ = {
			isa = PBXProject;
			attributes = {
				LastSwiftUpdateCheck = 1240;
				LastUpgradeCheck = 1240;
				TargetAttributes = {
					BFAFCEC42615773E00211D71 = {
						CreatedOnToolsVersion = 12.4;
					};
				};
			};
			buildConfigurationList = BFAFCEC02615773E00211D71 /* Build configuration list for PBXProject "LishNews" */;
			compatibilityVersion = "Xcode 9.3";
			developmentRegion = en;
			hasScannedForEncodings = 0;
			knownRegions = (
				en,
				Base,
			);
			mainGroup = BFAFCEBC2615773E00211D71;
			productRefGroup = BFAFCEC62615773E00211D71 /* Products */;
			projectDirPath = "";
			projectRoot = "";
			targets = (
				BFAFCEC42615773E00211D71 /* LishNews */,
			);
		};
/* End PBXProject section */

/* Begin PBXResourcesBuildPhase section */
		BFAFCEC32615773E00211D71 /* Resources */ = {
			isa = PBXResourcesBuildPhase;
			buildActionMask = 2147483647;
			files = (
				BFAFCED52615773F00211D71 /* LaunchScreen.storyboard in Resources */,
				BFAFCED22615773F00211D71 /* Preview Assets.xcassets in Resources */,
				BFAFCECF2615773F00211D71 /* Assets.xcassets in Resources */,
			);
			runOnlyForDeploymentPostprocessing = 0;
		};
/* End PBXResourcesBuildPhase section */

/* Begin PBXSourcesBuildPhase section */
		BFAFCEC12615773E00211D71 /* Sources */ = {
			isa = PBXSourcesBuildPhase;
			buildActionMask = 2147483647;
			files = (
				BFEA9B07261ABCBF00127047 /* DetailHotel.swift in Sources */,
				BFAFCEE1261579D400211D71 /* wisata.swift in Sources */,
				BFAFCEC92615773E00211D71 /* AppDelegate.swift in Sources */,
				BFAFCECB2615773E00211D71 /* SceneDelegate.swift in Sources */,
				BFAFCECD2615773E00211D71 /* ContentView.swift in Sources */,
				BFAFCEE926157E9900211D71 /* ListHotel.swift in Sources */,
				BFAFCEE526157CF600211D71 /* HotelData.swift in Sources */,
			);
			runOnlyForDeploymentPostprocessing = 0;
		};
/* End PBXSourcesBuildPhase section */

/* Begin PBXVariantGroup section */
		BFAFCED32615773F00211D71 /* LaunchScreen.storyboard */ = {
			isa = PBXVariantGroup;
			children = (
				BFAFCED42615773F00211D71 /* Base */,
			);
			name = LaunchScreen.storyboard;
			sourceTree = "<group>";
		};
/* End PBXVariantGroup section */

/* Begin XCBuildConfiguration section */
		BFAFCED72615773F00211D71 /* Debug */ = {
			isa = XCBuildConfiguration;
			buildSettings = {
				ALWAYS_SEARCH_USER_PATHS = NO;
				CLANG_ANALYZER_NONNULL = YES;
				CLANG_ANALYZER_NUMBER_OBJECT_CONVERSION = YES_AGGRESSIVE;
				CLANG_CXX_LANGUAGE_STANDARD = "gnu++14";
				CLANG_CXX_LIBRARY = "libc++";
				CLANG_ENABLE_MODULES = YES;
				CLANG_ENABLE_OBJC_ARC = YES;
				CLANG_ENABLE_OBJC_WEAK = YES;
				CLANG_WARN_BLOCK_CAPTURE_AUTORELEASING = YES;
				CLANG_WARN_BOOL_CONVERSION = YES;
				CLANG_WARN_COMMA = YES;
				CLANG_WARN_CONSTANT_CONVERSION = YES;
				CLANG_WARN_DEPRECATED_OBJC_IMPLEMENTATIONS = YES;
				CLANG_WARN_DIRECT_OBJC_ISA_USAGE = YES_ERROR;
				CLANG_WARN_DOCUMENTATION_COMMENTS = YES;
				CLANG_WARN_EMPTY_BODY = YES;
				CLANG_WARN_ENUM_CONVERSION = YES;
				CLANG_WARN_INFINITE_RECURSION = YES;
				CLANG_WARN_INT_CONVERSION = YES;
				CLANG_WARN_NON_LITERAL_NULL_CONVERSION = YES;
				CLANG_WARN_OBJC_IMPLICIT_RETAIN_SELF = YES;
				CLANG_WARN_OBJC_LITERAL_CONVERSION = YES;
				CLANG_WARN_OBJC_ROOT_CLASS = YES_ERROR;
				CLANG_WARN_QUOTED_INCLUDE_IN_FRAMEWORK_HEADER = YES;
				CLANG_WARN_RANGE_LOOP_ANALYSIS = YES;
				CLANG_WARN_STRICT_PROTOTYPES = YES;
				CLANG_WARN_SUSPICIOUS_MOVE = YES;
				CLANG_WARN_UNGUARDED_AVAILABILITY = YES_AGGRESSIVE;
				CLANG_WARN_UNREACHABLE_CODE = YES;
				CLANG_WARN__DUPLICATE_METHOD_MATCH = YES;
				COPY_PHASE_STRIP = NO;
				DEBUG_INFORMATION_FORMAT = dwarf;
				ENABLE_STRICT_OBJC_MSGSEND = YES;
				ENABLE_TESTABILITY = YES;
				GCC_C_LANGUAGE_STANDARD = gnu11;
				GCC_DYNAMIC_NO_PIC = NO;
				GCC_NO_COMMON_BLOCKS = YES;
				GCC_OPTIMIZATION_LEVEL = 0;
				GCC_PREPROCESSOR_DEFINITIONS = (
					"DEBUG=1",
					"$(inherited)",
				);
				GCC_WARN_64_TO_32_BIT_CONVERSION = YES;
				GCC_WARN_ABOUT_RETURN_TYPE = YES_ERROR;
				GCC_WARN_UNDECLARED_SELECTOR = YES;
				GCC_WARN_UNINITIALIZED_AUTOS = YES_AGGRESSIVE;
				GCC_WARN_UNUSED_FUNCTION = YES;
				GCC_WARN_UNUSED_VARIABLE = YES;
				IPHONEOS_DEPLOYMENT_TARGET = 14.4;
				MTL_ENABLE_DEBUG_INFO = INCLUDE_SOURCE;
				MTL_FAST_MATH = YES;
				ONLY_ACTIVE_ARCH = YES;
				SDKROOT = iphoneos;
				SWIFT_ACTIVE_COMPILATION_CONDITIONS = DEBUG;
				SWIFT_OPTIMIZATION_LEVEL = "-Onone";
			};
			name = Debug;
		};
		BFAFCED82615773F00211D71 /* Release */ = {
			isa = XCBuildConfiguration;
			buildSettings = {
				ALWAYS_SEARCH_USER_PATHS = NO;
				CLANG_ANALYZER_NONNULL = YES;
				CLANG_ANALYZER_NUMBER_OBJECT_CONVERSION = YES_AGGRESSIVE;
				CLANG_CXX_LANGUAGE_STANDARD = "gnu++14";
				CLANG_CXX_LIBRARY = "libc++";
				CLANG_ENABLE_MODULES = YES;
				CLANG_ENABLE_OBJC_ARC = YES;
				CLANG_ENABLE_OBJC_WEAK = YES;
				CLANG_WARN_BLOCK_CAPTURE_AUTORELEASING = YES;
				CLANG_WARN_BOOL_CONVERSION = YES;
				CLANG_WARN_COMMA = YES;
				CLANG_WARN_CONSTANT_CONVERSION = YES;
				CLANG_WARN_DEPRECATED_OBJC_IMPLEMENTATIONS = YES;
				CLANG_WARN_DIRECT_OBJC_ISA_USAGE = YES_ERROR;
				CLANG_WARN_DOCUMENTATION_COMMENTS = YES;
				CLANG_WARN_EMPTY_BODY = YES;
				CLANG_WARN_ENUM_CONVERSION = YES;
				CLANG_WARN_INFINITE_RECURSION = YES;
				CLANG_WARN_INT_CONVERSION = YES;
				CLANG_WARN_NON_LITERAL_NULL_CONVERSION = YES;
				CLANG_WARN_OBJC_IMPLICIT_RETAIN_SELF = YES;
				CLANG_WARN_OBJC_LITERAL_CONVERSION = YES;
				CLANG_WARN_OBJC_ROOT_CLASS = YES_ERROR;
				CLANG_WARN_QUOTED_INCLUDE_IN_FRAMEWORK_HEADER = YES;
				CLANG_WARN_RANGE_LOOP_ANALYSIS = YES;
				CLANG_WARN_STRICT_PROTOTYPES = YES;
				CLANG_WARN_SUSPICIOUS_MOVE = YES;
				CLANG_WARN_UNGUARDED_AVAILABILITY = YES_AGGRESSIVE;
				CLANG_WARN_UNREACHABLE_CODE = YES;
				CLANG_WARN__DUPLICATE_METHOD_MATCH = YES;
				COPY_PHASE_STRIP = NO;
				DEBUG_INFORMATION_FORMAT = "dwarf-with-dsym";
				ENABLE_NS_ASSERTIONS = NO;
				ENABLE_STRICT_OBJC_MSGSEND = YES;
				GCC_C_LANGUAGE_STANDARD = gnu11;
				GCC_NO_COMMON_BLOCKS = YES;
				GCC_WARN_64_TO_32_BIT_CONVERSION = YES;
				GCC_WARN_ABOUT_RETURN_TYPE = YES_ERROR;
				GCC_WARN_UNDECLARED_SELECTOR = YES;
				GCC_WARN_UNINITIALIZED_AUTOS = YES_AGGRESSIVE;
				GCC_WARN_UNUSED_FUNCTION = YES;
				GCC_WARN_UNUSED_VARIABLE = YES;
				IPHONEOS_DEPLOYMENT_TARGET = 14.4;
				MTL_ENABLE_DEBUG_INFO = NO;
				MTL_FAST_MATH = YES;
				SDKROOT = iphoneos;
				SWIFT_COMPILATION_MODE = wholemodule;
				SWIFT_OPTIMIZATION_LEVEL = "-O";
				VALIDATE_PRODUCT = YES;
			};
			name = Release;
		};
		BFAFCEDA2615773F00211D71 /* Debug */ = {
			isa = XCBuildConfiguration;
			buildSettings = {
				ASSETCATALOG_COMPILER_APPICON_NAME = AppIcon;
				ASSETCATALOG_COMPILER_GLOBAL_ACCENT_COLOR_NAME = AccentColor;
				CODE_SIGN_STYLE = Automatic;
				DEVELOPMENT_ASSET_PATHS = "\"LishNews/Preview Content\"";
				ENABLE_PREVIEWS = YES;
				INFOPLIST_FILE = LishNews/Info.plist;
				LD_RUNPATH_SEARCH_PATHS = (
					"$(inherited)",
					"@executable_path/Frameworks",
				);
				PRODUCT_BUNDLE_IDENTIFIER = Ntaps.LishNews;
				PRODUCT_NAME = "$(TARGET_NAME)";
				SWIFT_VERSION = 5.0;
				TARGETED_DEVICE_FAMILY = "1,2";
			};
			name = Debug;
		};
		BFAFCEDB2615773F00211D71 /* Release */ = {
			isa = XCBuildConfiguration;
			buildSettings = {
				ASSETCATALOG_COMPILER_APPICON_NAME = AppIcon;
				ASSETCATALOG_COMPILER_GLOBAL_ACCENT_COLOR_NAME = AccentColor;
				CODE_SIGN_STYLE = Automatic;
				DEVELOPMENT_ASSET_PATHS = "\"LishNews/Preview Content\"";
				ENABLE_PREVIEWS = YES;
				INFOPLIST_FILE = LishNews/Info.plist;
				LD_RUNPATH_SEARCH_PATHS = (
					"$(inherited)",
					"@executable_path/Frameworks",
				);
				PRODUCT_BUNDLE_IDENTIFIER = Ntaps.LishNews;
				PRODUCT_NAME = "$(TARGET_NAME)";
				SWIFT_VERSION = 5.0;
				TARGETED_DEVICE_FAMILY = "1,2";
			};
			name = Release;
		};
/* End XCBuildConfiguration section */

/* Begin XCConfigurationList section */
		BFAFCEC02615773E00211D71 /* Build configuration list for PBXProject "LishNews" */ = {
			isa = XCConfigurationList;
			buildConfigurations = (
				BFAFCED72615773F00211D71 /* Debug */,
				BFAFCED82615773F00211D71 /* Release */,
			);
			defaultConfigurationIsVisible = 0;
			defaultConfigurationName = Release;
		};
		BFAFCED92615773F00211D71 /* Build configuration list for PBXNativeTarget "LishNews" */ = {
			isa = XCConfigurationList;
			buildConfigurations = (
				BFAFCEDA2615773F00211D71 /* Debug */,
				BFAFCEDB2615773F00211D71 /* Release */,
			);
			defaultConfigurationIsVisible = 0;
			defaultConfigurationName = Release;
		};
/* End XCConfigurationList section */
	};
	rootObject = BFAFCEBD2615773E00211D71 /* Project object */;
}
